
Microsoft Visual Studio Solution File, Format Version 12.00
# Visual Studio 15
VisualStudioVersion = 15.0.28307.168
MinimumVisualStudioVersion = 10.0.40219.1
Project("{FAE04EC0-301F-11D3-BF4B-00C04F79EFBC}") = "GridChallenge", "GridChallenge\GridChallenge.csproj", "{9A1380BC-F4E7-40E0-A510-7793644D0910}"
EndProject
Global
	GlobalSection(SolutionConfigurationPlatforms) = preSolution
		Debug|Any CPU = Debug|Any CPU
		Release|Any CPU = Release|Any CPU
	EndGlobalSection
	GlobalSection(ProjectConfigurationPlatforms) = postSolution
		{9A1380BC-F4E7-40E0-A510-7793644D0910}.Debug|Any CPU.ActiveCfg = Debug|Any CPU
		{9A1380BC-F4E7-40E0-A510-7793644D0910}.Debug|Any CPU.Build.0 = Debug|Any CPU
		{9A1380BC-F4E7-40E0-A510-7793644D0910}.Release|Any CPU.ActiveCfg = Release|Any CPU
		{9A1380BC-F4E7-40E0-A510-7793644D0910}.Release|Any CPU.Build.0 = Release|Any CPU
	EndGlobalSection
	GlobalSection(SolutionProperties) = preSolution
		HideSolutionNode = FALSE
	EndGlobalSection
	GlobalSection(ExtensibilityGlobals) = postSolution
		SolutionGuid = {15CBC87E-79AD-4AD5-9F2C-435511FBB63F}
	EndGlobalSection
EndGlobal
