
Microsoft Visual Studio Solution File, Format Version 12.00
# Visual Studio 15
VisualStudioVersion = 15.0.28307.168
MinimumVisualStudioVersion = 10.0.40219.1
Project("{FAE04EC0-301F-11D3-BF4B-00C04F79EFBC}") = "golPractice", "golPractice\golPractice.csproj", "{F14D0A99-D21B-4198-AB8E-FD32C85E7B9A}"
EndProject
Global
	GlobalSection(SolutionConfigurationPlatforms) = preSolution
		Debug|Any CPU = Debug|Any CPU
		Release|Any CPU = Release|Any CPU
	EndGlobalSection
	GlobalSection(ProjectConfigurationPlatforms) = postSolution
		{F14D0A99-D21B-4198-AB8E-FD32C85E7B9A}.Debug|Any CPU.ActiveCfg = Debug|Any CPU
		{F14D0A99-D21B-4198-AB8E-FD32C85E7B9A}.Debug|Any CPU.Build.0 = Debug|Any CPU
		{F14D0A99-D21B-4198-AB8E-FD32C85E7B9A}.Release|Any CPU.ActiveCfg = Release|Any CPU
		{F14D0A99-D21B-4198-AB8E-FD32C85E7B9A}.Release|Any CPU.Build.0 = Release|Any CPU
	EndGlobalSection
	GlobalSection(SolutionProperties) = preSolution
		HideSolutionNode = FALSE
	EndGlobalSection
	GlobalSection(ExtensibilityGlobals) = postSolution
		SolutionGuid = {B9162596-D64F-41AC-B700-4304B1505E43}
	EndGlobalSection
EndGlobal
