
Microsoft Visual Studio Solution File, Format Version 12.00
# Visual Studio 15
VisualStudioVersion = 15.0.28307.168
MinimumVisualStudioVersion = 10.0.40219.1
Project("{FAE04EC0-301F-11D3-BF4B-00C04F79EFBC}") = "DrawBoardV2", "DrawBoardV2\DrawBoardV2.csproj", "{085D188F-D42E-4234-9779-13C1957BBE42}"
EndProject
Global
	GlobalSection(SolutionConfigurationPlatforms) = preSolution
		Debug|Any CPU = Debug|Any CPU
		Release|Any CPU = Release|Any CPU
	EndGlobalSection
	GlobalSection(ProjectConfigurationPlatforms) = postSolution
		{085D188F-D42E-4234-9779-13C1957BBE42}.Debug|Any CPU.ActiveCfg = Debug|Any CPU
		{085D188F-D42E-4234-9779-13C1957BBE42}.Debug|Any CPU.Build.0 = Debug|Any CPU
		{085D188F-D42E-4234-9779-13C1957BBE42}.Release|Any CPU.ActiveCfg = Release|Any CPU
		{085D188F-D42E-4234-9779-13C1957BBE42}.Release|Any CPU.Build.0 = Release|Any CPU
	EndGlobalSection
	GlobalSection(SolutionProperties) = preSolution
		HideSolutionNode = FALSE
	EndGlobalSection
	GlobalSection(ExtensibilityGlobals) = postSolution
		SolutionGuid = {D3B58F81-2F98-41DF-A46E-34A4766CB423}
	EndGlobalSection
EndGlobal
