
Microsoft Visual Studio Solution File, Format Version 12.00
# Visual Studio 15
VisualStudioVersion = 15.0.28307.168
MinimumVisualStudioVersion = 10.0.40219.1
Project("{FAE04EC0-301F-11D3-BF4B-00C04F79EFBC}") = "lateRide", "lateRide\lateRide.csproj", "{533D8F48-5DF0-46A3-BA21-B6F8EB9CCC84}"
EndProject
Global
	GlobalSection(SolutionConfigurationPlatforms) = preSolution
		Debug|Any CPU = Debug|Any CPU
		Release|Any CPU = Release|Any CPU
	EndGlobalSection
	GlobalSection(ProjectConfigurationPlatforms) = postSolution
		{533D8F48-5DF0-46A3-BA21-B6F8EB9CCC84}.Debug|Any CPU.ActiveCfg = Debug|Any CPU
		{533D8F48-5DF0-46A3-BA21-B6F8EB9CCC84}.Debug|Any CPU.Build.0 = Debug|Any CPU
		{533D8F48-5DF0-46A3-BA21-B6F8EB9CCC84}.Release|Any CPU.ActiveCfg = Release|Any CPU
		{533D8F48-5DF0-46A3-BA21-B6F8EB9CCC84}.Release|Any CPU.Build.0 = Release|Any CPU
	EndGlobalSection
	GlobalSection(SolutionProperties) = preSolution
		HideSolutionNode = FALSE
	EndGlobalSection
	GlobalSection(ExtensibilityGlobals) = postSolution
		SolutionGuid = {7A884855-220C-428D-9F06-2549844AD6CD}
	EndGlobalSection
EndGlobal
