
Microsoft Visual Studio Solution File, Format Version 12.00
# Visual Studio 15
VisualStudioVersion = 15.0.28307.168
MinimumVisualStudioVersion = 10.0.40219.1
Project("{FAE04EC0-301F-11D3-BF4B-00C04F79EFBC}") = "firstNonRepeatingCharacter", "firstNonRepeatingCharacter\firstNonRepeatingCharacter.csproj", "{381970EE-FB74-4340-9302-F8674951F86C}"
EndProject
Global
	GlobalSection(SolutionConfigurationPlatforms) = preSolution
		Debug|Any CPU = Debug|Any CPU
		Release|Any CPU = Release|Any CPU
	EndGlobalSection
	GlobalSection(ProjectConfigurationPlatforms) = postSolution
		{381970EE-FB74-4340-9302-F8674951F86C}.Debug|Any CPU.ActiveCfg = Debug|Any CPU
		{381970EE-FB74-4340-9302-F8674951F86C}.Debug|Any CPU.Build.0 = Debug|Any CPU
		{381970EE-FB74-4340-9302-F8674951F86C}.Release|Any CPU.ActiveCfg = Release|Any CPU
		{381970EE-FB74-4340-9302-F8674951F86C}.Release|Any CPU.Build.0 = Release|Any CPU
	EndGlobalSection
	GlobalSection(SolutionProperties) = preSolution
		HideSolutionNode = FALSE
	EndGlobalSection
	GlobalSection(ExtensibilityGlobals) = postSolution
		SolutionGuid = {DE209EF2-1654-4D1C-ADB2-0137644875BD}
	EndGlobalSection
EndGlobal
