
Microsoft Visual Studio Solution File, Format Version 12.00
# Visual Studio 15
VisualStudioVersion = 15.0.28307.168
MinimumVisualStudioVersion = 10.0.40219.1
Project("{FAE04EC0-301F-11D3-BF4B-00C04F79EFBC}") = "maximalEven", "maximalEven\maximalEven.csproj", "{D537F851-E840-4973-A4C0-5D35F299A2BF}"
EndProject
Global
	GlobalSection(SolutionConfigurationPlatforms) = preSolution
		Debug|Any CPU = Debug|Any CPU
		Release|Any CPU = Release|Any CPU
	EndGlobalSection
	GlobalSection(ProjectConfigurationPlatforms) = postSolution
		{D537F851-E840-4973-A4C0-5D35F299A2BF}.Debug|Any CPU.ActiveCfg = Debug|Any CPU
		{D537F851-E840-4973-A4C0-5D35F299A2BF}.Debug|Any CPU.Build.0 = Debug|Any CPU
		{D537F851-E840-4973-A4C0-5D35F299A2BF}.Release|Any CPU.ActiveCfg = Release|Any CPU
		{D537F851-E840-4973-A4C0-5D35F299A2BF}.Release|Any CPU.Build.0 = Release|Any CPU
	EndGlobalSection
	GlobalSection(SolutionProperties) = preSolution
		HideSolutionNode = FALSE
	EndGlobalSection
	GlobalSection(ExtensibilityGlobals) = postSolution
		SolutionGuid = {2CE37870-EE63-4D43-8BAB-449F20A192A0}
	EndGlobalSection
EndGlobal
