
Microsoft Visual Studio Solution File, Format Version 12.00
# Visual Studio 15
VisualStudioVersion = 15.0.28307.168
MinimumVisualStudioVersion = 10.0.40219.1
Project("{FAE04EC0-301F-11D3-BF4B-00C04F79EFBC}") = "KnapsackLight", "KnapsackLight\KnapsackLight.csproj", "{D9F36009-CB2E-4B4C-AA70-5425CC26AB4E}"
EndProject
Global
	GlobalSection(SolutionConfigurationPlatforms) = preSolution
		Debug|Any CPU = Debug|Any CPU
		Release|Any CPU = Release|Any CPU
	EndGlobalSection
	GlobalSection(ProjectConfigurationPlatforms) = postSolution
		{D9F36009-CB2E-4B4C-AA70-5425CC26AB4E}.Debug|Any CPU.ActiveCfg = Debug|Any CPU
		{D9F36009-CB2E-4B4C-AA70-5425CC26AB4E}.Debug|Any CPU.Build.0 = Debug|Any CPU
		{D9F36009-CB2E-4B4C-AA70-5425CC26AB4E}.Release|Any CPU.ActiveCfg = Release|Any CPU
		{D9F36009-CB2E-4B4C-AA70-5425CC26AB4E}.Release|Any CPU.Build.0 = Release|Any CPU
	EndGlobalSection
	GlobalSection(SolutionProperties) = preSolution
		HideSolutionNode = FALSE
	EndGlobalSection
	GlobalSection(ExtensibilityGlobals) = postSolution
		SolutionGuid = {14F7D9D6-419F-40B3-A34F-119C209DFD5D}
	EndGlobalSection
EndGlobal
