
Microsoft Visual Studio Solution File, Format Version 12.00
# Visual Studio 15
VisualStudioVersion = 15.0.28307.168
MinimumVisualStudioVersion = 10.0.40219.1
Project("{FAE04EC0-301F-11D3-BF4B-00C04F79EFBC}") = "sumOfTwo", "sumOfTwo\sumOfTwo.csproj", "{7678B0D6-FC7C-4060-AA0C-EBFF1A023E22}"
EndProject
Global
	GlobalSection(SolutionConfigurationPlatforms) = preSolution
		Debug|Any CPU = Debug|Any CPU
		Release|Any CPU = Release|Any CPU
	EndGlobalSection
	GlobalSection(ProjectConfigurationPlatforms) = postSolution
		{7678B0D6-FC7C-4060-AA0C-EBFF1A023E22}.Debug|Any CPU.ActiveCfg = Debug|Any CPU
		{7678B0D6-FC7C-4060-AA0C-EBFF1A023E22}.Debug|Any CPU.Build.0 = Debug|Any CPU
		{7678B0D6-FC7C-4060-AA0C-EBFF1A023E22}.Release|Any CPU.ActiveCfg = Release|Any CPU
		{7678B0D6-FC7C-4060-AA0C-EBFF1A023E22}.Release|Any CPU.Build.0 = Release|Any CPU
	EndGlobalSection
	GlobalSection(SolutionProperties) = preSolution
		HideSolutionNode = FALSE
	EndGlobalSection
	GlobalSection(ExtensibilityGlobals) = postSolution
		SolutionGuid = {0549474C-8E47-447C-9EF5-E39DD58CE859}
	EndGlobalSection
EndGlobal
