
Microsoft Visual Studio Solution File, Format Version 12.00
# Visual Studio 15
VisualStudioVersion = 15.0.28307.168
MinimumVisualStudioVersion = 10.0.40219.1
Project("{FAE04EC0-301F-11D3-BF4B-00C04F79EFBC}") = "improperFractionToMixed", "improperFractionToMixed\improperFractionToMixed.csproj", "{99D38A3E-9345-4731-8C9A-3B7F4B2D31D8}"
EndProject
Global
	GlobalSection(SolutionConfigurationPlatforms) = preSolution
		Debug|Any CPU = Debug|Any CPU
		Release|Any CPU = Release|Any CPU
	EndGlobalSection
	GlobalSection(ProjectConfigurationPlatforms) = postSolution
		{99D38A3E-9345-4731-8C9A-3B7F4B2D31D8}.Debug|Any CPU.ActiveCfg = Debug|Any CPU
		{99D38A3E-9345-4731-8C9A-3B7F4B2D31D8}.Debug|Any CPU.Build.0 = Debug|Any CPU
		{99D38A3E-9345-4731-8C9A-3B7F4B2D31D8}.Release|Any CPU.ActiveCfg = Release|Any CPU
		{99D38A3E-9345-4731-8C9A-3B7F4B2D31D8}.Release|Any CPU.Build.0 = Release|Any CPU
	EndGlobalSection
	GlobalSection(SolutionProperties) = preSolution
		HideSolutionNode = FALSE
	EndGlobalSection
	GlobalSection(ExtensibilityGlobals) = postSolution
		SolutionGuid = {407917BD-4162-4E9B-BF5D-561B0697AB16}
	EndGlobalSection
EndGlobal
