
Microsoft Visual Studio Solution File, Format Version 12.00
# Visual Studio 15
VisualStudioVersion = 15.0.28307.168
MinimumVisualStudioVersion = 10.0.40219.1
Project("{FAE04EC0-301F-11D3-BF4B-00C04F79EFBC}") = "BouncingBallChallenge", "BouncingBallChallenge\BouncingBallChallenge.csproj", "{542F009F-2A8A-4F47-83A6-5F286E604F12}"
EndProject
Global
	GlobalSection(SolutionConfigurationPlatforms) = preSolution
		Debug|Any CPU = Debug|Any CPU
		Release|Any CPU = Release|Any CPU
	EndGlobalSection
	GlobalSection(ProjectConfigurationPlatforms) = postSolution
		{542F009F-2A8A-4F47-83A6-5F286E604F12}.Debug|Any CPU.ActiveCfg = Debug|Any CPU
		{542F009F-2A8A-4F47-83A6-5F286E604F12}.Debug|Any CPU.Build.0 = Debug|Any CPU
		{542F009F-2A8A-4F47-83A6-5F286E604F12}.Release|Any CPU.ActiveCfg = Release|Any CPU
		{542F009F-2A8A-4F47-83A6-5F286E604F12}.Release|Any CPU.Build.0 = Release|Any CPU
	EndGlobalSection
	GlobalSection(SolutionProperties) = preSolution
		HideSolutionNode = FALSE
	EndGlobalSection
	GlobalSection(ExtensibilityGlobals) = postSolution
		SolutionGuid = {CFB106B4-25B6-473B-8BE0-8388AC478249}
	EndGlobalSection
EndGlobal
