
Microsoft Visual Studio Solution File, Format Version 12.00
# Visual Studio 15
VisualStudioVersion = 15.0.28307.168
MinimumVisualStudioVersion = 10.0.40219.1
Project("{FAE04EC0-301F-11D3-BF4B-00C04F79EFBC}") = "extractMatrixColumn", "extractMatrixColumn\extractMatrixColumn.csproj", "{F5ABB3C4-264F-4DEC-A9C3-B012BF05F27D}"
EndProject
Global
	GlobalSection(SolutionConfigurationPlatforms) = preSolution
		Debug|Any CPU = Debug|Any CPU
		Release|Any CPU = Release|Any CPU
	EndGlobalSection
	GlobalSection(ProjectConfigurationPlatforms) = postSolution
		{F5ABB3C4-264F-4DEC-A9C3-B012BF05F27D}.Debug|Any CPU.ActiveCfg = Debug|Any CPU
		{F5ABB3C4-264F-4DEC-A9C3-B012BF05F27D}.Debug|Any CPU.Build.0 = Debug|Any CPU
		{F5ABB3C4-264F-4DEC-A9C3-B012BF05F27D}.Release|Any CPU.ActiveCfg = Release|Any CPU
		{F5ABB3C4-264F-4DEC-A9C3-B012BF05F27D}.Release|Any CPU.Build.0 = Release|Any CPU
	EndGlobalSection
	GlobalSection(SolutionProperties) = preSolution
		HideSolutionNode = FALSE
	EndGlobalSection
	GlobalSection(ExtensibilityGlobals) = postSolution
		SolutionGuid = {37D7B3A3-A196-4AF3-9986-83AF9997C5F5}
	EndGlobalSection
EndGlobal
