
Microsoft Visual Studio Solution File, Format Version 12.00
# Visual Studio 15
VisualStudioVersion = 15.0.28307.168
MinimumVisualStudioVersion = 10.0.40219.1
Project("{FAE04EC0-301F-11D3-BF4B-00C04F79EFBC}") = "BinarySearch", "BinarySearch\BinarySearch.csproj", "{0B8F15E7-149C-4032-AE3F-B3957BDA33D7}"
EndProject
Global
	GlobalSection(SolutionConfigurationPlatforms) = preSolution
		Debug|Any CPU = Debug|Any CPU
		Release|Any CPU = Release|Any CPU
	EndGlobalSection
	GlobalSection(ProjectConfigurationPlatforms) = postSolution
		{0B8F15E7-149C-4032-AE3F-B3957BDA33D7}.Debug|Any CPU.ActiveCfg = Debug|Any CPU
		{0B8F15E7-149C-4032-AE3F-B3957BDA33D7}.Debug|Any CPU.Build.0 = Debug|Any CPU
		{0B8F15E7-149C-4032-AE3F-B3957BDA33D7}.Release|Any CPU.ActiveCfg = Release|Any CPU
		{0B8F15E7-149C-4032-AE3F-B3957BDA33D7}.Release|Any CPU.Build.0 = Release|Any CPU
	EndGlobalSection
	GlobalSection(SolutionProperties) = preSolution
		HideSolutionNode = FALSE
	EndGlobalSection
	GlobalSection(ExtensibilityGlobals) = postSolution
		SolutionGuid = {CD9EEF85-64D6-4B7D-B7CF-B5B8A5E64F29}
	EndGlobalSection
EndGlobal
