
Microsoft Visual Studio Solution File, Format Version 12.00
# Visual Studio 15
VisualStudioVersion = 15.0.28307.168
MinimumVisualStudioVersion = 10.0.40219.1
Project("{FAE04EC0-301F-11D3-BF4B-00C04F79EFBC}") = "removeKFromLinkedList", "removeKFromLinkedList\removeKFromLinkedList.csproj", "{FF68B6CB-381F-4F26-ABFF-5239F9F4C536}"
EndProject
Global
	GlobalSection(SolutionConfigurationPlatforms) = preSolution
		Debug|Any CPU = Debug|Any CPU
		Release|Any CPU = Release|Any CPU
	EndGlobalSection
	GlobalSection(ProjectConfigurationPlatforms) = postSolution
		{FF68B6CB-381F-4F26-ABFF-5239F9F4C536}.Debug|Any CPU.ActiveCfg = Debug|Any CPU
		{FF68B6CB-381F-4F26-ABFF-5239F9F4C536}.Debug|Any CPU.Build.0 = Debug|Any CPU
		{FF68B6CB-381F-4F26-ABFF-5239F9F4C536}.Release|Any CPU.ActiveCfg = Release|Any CPU
		{FF68B6CB-381F-4F26-ABFF-5239F9F4C536}.Release|Any CPU.Build.0 = Release|Any CPU
	EndGlobalSection
	GlobalSection(SolutionProperties) = preSolution
		HideSolutionNode = FALSE
	EndGlobalSection
	GlobalSection(ExtensibilityGlobals) = postSolution
		SolutionGuid = {A17DAD6E-5EE1-46FB-85DE-DB92E3754B95}
	EndGlobalSection
EndGlobal
