
Microsoft Visual Studio Solution File, Format Version 12.00
# Visual Studio 15
VisualStudioVersion = 15.0.28307.168
MinimumVisualStudioVersion = 10.0.40219.1
Project("{FAE04EC0-301F-11D3-BF4B-00C04F79EFBC}") = "perfectCity", "perfectCity\perfectCity.csproj", "{38EC7C85-7DB7-4F04-BC5A-3F0FB1E7A983}"
EndProject
Global
	GlobalSection(SolutionConfigurationPlatforms) = preSolution
		Debug|Any CPU = Debug|Any CPU
		Release|Any CPU = Release|Any CPU
	EndGlobalSection
	GlobalSection(ProjectConfigurationPlatforms) = postSolution
		{38EC7C85-7DB7-4F04-BC5A-3F0FB1E7A983}.Debug|Any CPU.ActiveCfg = Debug|Any CPU
		{38EC7C85-7DB7-4F04-BC5A-3F0FB1E7A983}.Debug|Any CPU.Build.0 = Debug|Any CPU
		{38EC7C85-7DB7-4F04-BC5A-3F0FB1E7A983}.Release|Any CPU.ActiveCfg = Release|Any CPU
		{38EC7C85-7DB7-4F04-BC5A-3F0FB1E7A983}.Release|Any CPU.Build.0 = Release|Any CPU
	EndGlobalSection
	GlobalSection(SolutionProperties) = preSolution
		HideSolutionNode = FALSE
	EndGlobalSection
	GlobalSection(ExtensibilityGlobals) = postSolution
		SolutionGuid = {0C422B78-0DAF-4805-B9D8-2E5F2EE4E030}
	EndGlobalSection
EndGlobal
