
Microsoft Visual Studio Solution File, Format Version 12.00
# Visual Studio 15
VisualStudioVersion = 15.0.28307.168
MinimumVisualStudioVersion = 10.0.40219.1
Project("{FAE04EC0-301F-11D3-BF4B-00C04F79EFBC}") = "amendTheSentence", "amendTheSentence\amendTheSentence.csproj", "{DA9ABB2A-349F-431D-9B80-572F9497F7C7}"
EndProject
Global
	GlobalSection(SolutionConfigurationPlatforms) = preSolution
		Debug|Any CPU = Debug|Any CPU
		Release|Any CPU = Release|Any CPU
	EndGlobalSection
	GlobalSection(ProjectConfigurationPlatforms) = postSolution
		{DA9ABB2A-349F-431D-9B80-572F9497F7C7}.Debug|Any CPU.ActiveCfg = Debug|Any CPU
		{DA9ABB2A-349F-431D-9B80-572F9497F7C7}.Debug|Any CPU.Build.0 = Debug|Any CPU
		{DA9ABB2A-349F-431D-9B80-572F9497F7C7}.Release|Any CPU.ActiveCfg = Release|Any CPU
		{DA9ABB2A-349F-431D-9B80-572F9497F7C7}.Release|Any CPU.Build.0 = Release|Any CPU
	EndGlobalSection
	GlobalSection(SolutionProperties) = preSolution
		HideSolutionNode = FALSE
	EndGlobalSection
	GlobalSection(ExtensibilityGlobals) = postSolution
		SolutionGuid = {F069B6F4-A88B-4CEA-8117-778843C30CD0}
	EndGlobalSection
EndGlobal
