
Microsoft Visual Studio Solution File, Format Version 12.00
# Visual Studio 15
VisualStudioVersion = 15.0.28307.168
MinimumVisualStudioVersion = 10.0.40219.1
Project("{FAE04EC0-301F-11D3-BF4B-00C04F79EFBC}") = "extraNumber", "extraNumber\extraNumber.csproj", "{98429D41-DAF5-4D74-9579-3B861F1AD83C}"
EndProject
Global
	GlobalSection(SolutionConfigurationPlatforms) = preSolution
		Debug|Any CPU = Debug|Any CPU
		Release|Any CPU = Release|Any CPU
	EndGlobalSection
	GlobalSection(ProjectConfigurationPlatforms) = postSolution
		{98429D41-DAF5-4D74-9579-3B861F1AD83C}.Debug|Any CPU.ActiveCfg = Debug|Any CPU
		{98429D41-DAF5-4D74-9579-3B861F1AD83C}.Debug|Any CPU.Build.0 = Debug|Any CPU
		{98429D41-DAF5-4D74-9579-3B861F1AD83C}.Release|Any CPU.ActiveCfg = Release|Any CPU
		{98429D41-DAF5-4D74-9579-3B861F1AD83C}.Release|Any CPU.Build.0 = Release|Any CPU
	EndGlobalSection
	GlobalSection(SolutionProperties) = preSolution
		HideSolutionNode = FALSE
	EndGlobalSection
	GlobalSection(ExtensibilityGlobals) = postSolution
		SolutionGuid = {8515DD47-9B9B-4336-B65C-A4DEC1A07A99}
	EndGlobalSection
EndGlobal
