
Microsoft Visual Studio Solution File, Format Version 12.00
# Visual Studio 15
VisualStudioVersion = 15.0.28307.168
MinimumVisualStudioVersion = 10.0.40219.1
Project("{FAE04EC0-301F-11D3-BF4B-00C04F79EFBC}") = "almostIncreasingSequence", "almostIncreasingSequence\almostIncreasingSequence.csproj", "{FB6B5736-6C62-4F68-820B-EC498F3542B2}"
EndProject
Global
	GlobalSection(SolutionConfigurationPlatforms) = preSolution
		Debug|Any CPU = Debug|Any CPU
		Release|Any CPU = Release|Any CPU
	EndGlobalSection
	GlobalSection(ProjectConfigurationPlatforms) = postSolution
		{FB6B5736-6C62-4F68-820B-EC498F3542B2}.Debug|Any CPU.ActiveCfg = Debug|Any CPU
		{FB6B5736-6C62-4F68-820B-EC498F3542B2}.Debug|Any CPU.Build.0 = Debug|Any CPU
		{FB6B5736-6C62-4F68-820B-EC498F3542B2}.Release|Any CPU.ActiveCfg = Release|Any CPU
		{FB6B5736-6C62-4F68-820B-EC498F3542B2}.Release|Any CPU.Build.0 = Release|Any CPU
	EndGlobalSection
	GlobalSection(SolutionProperties) = preSolution
		HideSolutionNode = FALSE
	EndGlobalSection
	GlobalSection(ExtensibilityGlobals) = postSolution
		SolutionGuid = {C50C82DB-B066-4768-B47C-66EDF3E14391}
	EndGlobalSection
EndGlobal
